#MicroXplorer Configuration settings - do not modify
ADC1.Channel-0\#ChannelRegularConversion=ADC_CHANNEL_10
ADC1.IPParameters=Rank-0\#ChannelRegularConversion,Channel-0\#ChannelRegularConversion,SamplingTime-0\#ChannelRegularConversion,OffsetNumber-0\#ChannelRegularConversion,OffsetSignedSaturation-0\#ChannelRegularConversion,NbrOfConversionFlag,master,NbrOfConversion,Resolution,OversamplingMode,Ratio
ADC1.NbrOfConversion=1
ADC1.NbrOfConversionFlag=1
ADC1.OffsetNumber-0\#ChannelRegularConversion=ADC_OFFSET_NONE
ADC1.OffsetSignedSaturation-0\#ChannelRegularConversion=DISABLE
ADC1.OversamplingMode=ENABLE
ADC1.Rank-0\#ChannelRegularConversion=1
ADC1.Ratio=256
ADC1.Resolution=ADC_RESOLUTION_8B
ADC1.SamplingTime-0\#ChannelRegularConversion=ADC_SAMPLETIME_64CYCLES_5
ADC1.master=1
CAD.formats=[]
CAD.pinconfig=Dual
CAD.provider=
CORTEX_M7.AccessPermission-Cortex_Memory_Protection_Unit_Region0_Settings=MPU_REGION_FULL_ACCESS
CORTEX_M7.AccessPermission-Cortex_Memory_Protection_Unit_Region1_Settings=MPU_REGION_FULL_ACCESS
CORTEX_M7.AccessPermission-Cortex_Memory_Protection_Unit_Region2_Settings=MPU_REGION_FULL_ACCESS
CORTEX_M7.AccessPermission-Cortex_Memory_Protection_Unit_Region3_Settings=MPU_REGION_PRIV_RO_URO
CORTEX_M7.AccessPermission-Cortex_Memory_Protection_Unit_Region5_Settings=MPU_REGION_FULL_ACCESS
CORTEX_M7.BaseAddress-Cortex_Memory_Protection_Unit_Region1_Settings=0x90000000
CORTEX_M7.BaseAddress-Cortex_Memory_Protection_Unit_Region5_Settings=0x40000000
CORTEX_M7.CPU_ICache=Enabled
CORTEX_M7.DisableExec-Cortex_Memory_Protection_Unit_Region1_Settings=MPU_INSTRUCTION_ACCESS_DISABLE
CORTEX_M7.DisableExec-Cortex_Memory_Protection_Unit_Region4_Settings=MPU_INSTRUCTION_ACCESS_DISABLE
CORTEX_M7.DisableExec-Cortex_Memory_Protection_Unit_Region5_Settings=MPU_INSTRUCTION_ACCESS_DISABLE
CORTEX_M7.Enable-Cortex_Memory_Protection_Unit_Region0_Settings=MPU_REGION_ENABLE
CORTEX_M7.Enable-Cortex_Memory_Protection_Unit_Region1_Settings=MPU_REGION_ENABLE
CORTEX_M7.Enable-Cortex_Memory_Protection_Unit_Region2_Settings=MPU_REGION_ENABLE
CORTEX_M7.Enable-Cortex_Memory_Protection_Unit_Region3_Settings=MPU_REGION_ENABLE
CORTEX_M7.Enable-Cortex_Memory_Protection_Unit_Region4_Settings=MPU_REGION_ENABLE
CORTEX_M7.Enable-Cortex_Memory_Protection_Unit_Region5_Settings=MPU_REGION_ENABLE
CORTEX_M7.IPParameters=MPU_Control,Enable-Cortex_Memory_Protection_Unit_Region0_Settings,Size-Cortex_Memory_Protection_Unit_Region0_Settings,AccessPermission-Cortex_Memory_Protection_Unit_Region0_Settings,Enable-Cortex_Memory_Protection_Unit_Region1_Settings,BaseAddress-Cortex_Memory_Protection_Unit_Region1_Settings,Size-Cortex_Memory_Protection_Unit_Region1_Settings,TypeExtField-Cortex_Memory_Protection_Unit_Region1_Settings,AccessPermission-Cortex_Memory_Protection_Unit_Region1_Settings,DisableExec-Cortex_Memory_Protection_Unit_Region1_Settings,Enable-Cortex_Memory_Protection_Unit_Region2_Settings,Size-Cortex_Memory_Protection_Unit_Region2_Settings,AccessPermission-Cortex_Memory_Protection_Unit_Region2_Settings,IsCacheable-Cortex_Memory_Protection_Unit_Region2_Settings,Enable-Cortex_Memory_Protection_Unit_Region3_Settings,Size-Cortex_Memory_Protection_Unit_Region3_Settings,AccessPermission-Cortex_Memory_Protection_Unit_Region3_Settings,IsCacheable-Cortex_Memory_Protection_Unit_Region3_Settings,Enable-Cortex_Memory_Protection_Unit_Region4_Settings,Size-Cortex_Memory_Protection_Unit_Region4_Settings,DisableExec-Cortex_Memory_Protection_Unit_Region4_Settings,CPU_ICache,TypeExtField-Cortex_Memory_Protection_Unit_Region0_Settings,Enable-Cortex_Memory_Protection_Unit_Region5_Settings,BaseAddress-Cortex_Memory_Protection_Unit_Region5_Settings,Size-Cortex_Memory_Protection_Unit_Region5_Settings,TypeExtField-Cortex_Memory_Protection_Unit_Region5_Settings,AccessPermission-Cortex_Memory_Protection_Unit_Region5_Settings,DisableExec-Cortex_Memory_Protection_Unit_Region5_Settings
CORTEX_M7.IsCacheable-Cortex_Memory_Protection_Unit_Region2_Settings=MPU_ACCESS_CACHEABLE
CORTEX_M7.IsCacheable-Cortex_Memory_Protection_Unit_Region3_Settings=MPU_ACCESS_CACHEABLE
CORTEX_M7.MPU_Control=MPU_PRIVILEGED_DEFAULT
CORTEX_M7.Size-Cortex_Memory_Protection_Unit_Region0_Settings=MPU_REGION_SIZE_4GB
CORTEX_M7.Size-Cortex_Memory_Protection_Unit_Region1_Settings=MPU_REGION_SIZE_256MB
CORTEX_M7.Size-Cortex_Memory_Protection_Unit_Region2_Settings=MPU_REGION_SIZE_512MB
CORTEX_M7.Size-Cortex_Memory_Protection_Unit_Region3_Settings=MPU_REGION_SIZE_64KB
CORTEX_M7.Size-Cortex_Memory_Protection_Unit_Region4_Settings=MPU_REGION_SIZE_4KB
CORTEX_M7.Size-Cortex_Memory_Protection_Unit_Region5_Settings=MPU_REGION_SIZE_512MB
CORTEX_M7.TypeExtField-Cortex_Memory_Protection_Unit_Region0_Settings=MPU_TEX_LEVEL1
CORTEX_M7.TypeExtField-Cortex_Memory_Protection_Unit_Region1_Settings=MPU_TEX_LEVEL2
CORTEX_M7.TypeExtField-Cortex_Memory_Protection_Unit_Region5_Settings=MPU_TEX_LEVEL2
File.Version=6
GPIO.groupedBy=Group By Peripherals
I2C3.IPParameters=Timing
I2C3.Timing=0x2000090E
I2C5.IPParameters=Timing
I2C5.Timing=0x2000090E
I2S6.AudioFreq=I2S_AUDIOFREQ_96K
I2S6.DataFormat=I2S_DATAFORMAT_16B_EXTENDED
I2S6.ErrorAudioFreq=0.0 %
I2S6.IPParameters=Instance,RealAudioFreq,ErrorAudioFreq,DataFormat,AudioFreq
I2S6.Instance=SPI$Index
I2S6.RealAudioFreq=96.0 KHz
KeepUserPlacement=false
Mcu.CPN=STM32H725VGT3
Mcu.Family=STM32H7
Mcu.IP0=ADC1
Mcu.IP1=CORTEX_M7
Mcu.IP10=SPI2
Mcu.IP11=SYS
Mcu.IP12=TIM2
Mcu.IP13=TIM4
Mcu.IP14=UART4
Mcu.IP15=USART1
Mcu.IP16=USART2
Mcu.IP2=DEBUG
Mcu.IP3=I2C3
Mcu.IP4=I2C5
Mcu.IP5=I2S6
Mcu.IP6=NVIC
Mcu.IP7=OCTOSPI1
Mcu.IP8=RAMECC
Mcu.IP9=RCC
Mcu.IPNb=17
Mcu.Name=STM32H725VGTx
Mcu.Package=LQFP100
Mcu.Pin0=PE2
Mcu.Pin1=PE4
Mcu.Pin10=PA2
Mcu.Pin11=PA3
Mcu.Pin12=PA4
Mcu.Pin13=PA5
Mcu.Pin14=PA6
Mcu.Pin15=PA7
Mcu.Pin16=PC4
Mcu.Pin17=PC5
Mcu.Pin18=PB0
Mcu.Pin19=PB1
Mcu.Pin2=PE5
Mcu.Pin20=PB2
Mcu.Pin21=PE7
Mcu.Pin22=PE8
Mcu.Pin23=PB10
Mcu.Pin24=PB12
Mcu.Pin25=PB13
Mcu.Pin26=PB14
Mcu.Pin27=PB15
Mcu.Pin28=PD9
Mcu.Pin29=PD10
Mcu.Pin3=PC13
Mcu.Pin30=PD11
Mcu.Pin31=PD12
Mcu.Pin32=PD13
Mcu.Pin33=PD14
Mcu.Pin34=PC8
Mcu.Pin35=PC9
Mcu.Pin36=PA8
Mcu.Pin37=PA10
Mcu.Pin38=PA11
Mcu.Pin39=PA12
Mcu.Pin4=PC14-OSC32_IN
Mcu.Pin40=PA13(JTMS/SWDIO)
Mcu.Pin41=PA14(JTCK/SWCLK)
Mcu.Pin42=PA15(JTDI)
Mcu.Pin43=PC10
Mcu.Pin44=PC11
Mcu.Pin45=PC12
Mcu.Pin46=PD0
Mcu.Pin47=PD1
Mcu.Pin48=PD2
Mcu.Pin49=PD3
Mcu.Pin5=PC15-OSC32_OUT
Mcu.Pin50=PB3(JTDO/TRACESWO)
Mcu.Pin51=PB4(NJTRST)
Mcu.Pin52=PB5
Mcu.Pin53=PB6
Mcu.Pin54=PB7
Mcu.Pin55=PB8
Mcu.Pin56=PB9
Mcu.Pin57=VP_OCTOSPI1_VS_quad
Mcu.Pin58=VP_RAMECC_VS_D1_1
Mcu.Pin59=VP_RAMECC_VS_D1_2
Mcu.Pin6=PC0
Mcu.Pin60=VP_RAMECC_VS_D1_3
Mcu.Pin61=VP_RAMECC_VS_D1_4
Mcu.Pin62=VP_RAMECC_VS_D1_6
Mcu.Pin63=VP_RAMECC_VS_D2_1
Mcu.Pin64=VP_RAMECC_VS_D2_2
Mcu.Pin65=VP_RAMECC_VS_D3_1
Mcu.Pin66=VP_SYS_VS_Systick
Mcu.Pin7=PC1
Mcu.Pin8=PA0
Mcu.Pin9=PA1
Mcu.PinsNb=67
Mcu.ThirdPartyNb=0
Mcu.UserConstants=
Mcu.UserName=STM32H725VGTx
MxCube.Version=6.8.1
MxDb.Version=DB.6.0.81
NVIC.ADC_IRQn=true\:13\:0\:true\:false\:true\:true\:true\:true
NVIC.BusFault_IRQn=true\:0\:0\:false\:false\:true\:false\:false\:false
NVIC.DebugMonitor_IRQn=true\:0\:0\:false\:false\:true\:false\:false\:false
NVIC.EXTI0_IRQn=true\:6\:0\:true\:false\:true\:true\:true\:true
NVIC.EXTI15_10_IRQn=true\:10\:0\:true\:false\:true\:true\:true\:true
NVIC.EXTI1_IRQn=true\:7\:0\:true\:false\:true\:true\:true\:true
NVIC.EXTI2_IRQn=true\:8\:0\:true\:false\:true\:true\:true\:true
NVIC.EXTI3_IRQn=true\:9\:0\:true\:false\:true\:true\:true\:true
NVIC.ForceEnableDMAVector=true
NVIC.HardFault_IRQn=true\:0\:0\:false\:false\:true\:false\:false\:false
NVIC.I2C3_ER_IRQn=true\:13\:0\:true\:false\:true\:true\:true\:true
NVIC.I2C3_EV_IRQn=true\:13\:0\:true\:false\:true\:true\:true\:true
NVIC.I2C5_ER_IRQn=true\:12\:0\:true\:false\:true\:true\:true\:true
NVIC.I2C5_EV_IRQn=true\:12\:0\:true\:false\:true\:true\:true\:true
NVIC.MemoryManagement_IRQn=true\:0\:0\:false\:false\:true\:false\:false\:false
NVIC.NonMaskableInt_IRQn=true\:0\:0\:false\:false\:true\:false\:false\:false
NVIC.PendSV_IRQn=true\:0\:0\:false\:false\:true\:false\:false\:false
NVIC.PriorityGroup=NVIC_PRIORITYGROUP_4
NVIC.SVCall_IRQn=true\:0\:0\:false\:false\:true\:false\:false\:false
NVIC.SysTick_IRQn=true\:0\:0\:true\:false\:true\:false\:true\:false
NVIC.UART4_IRQn=true\:11\:0\:true\:false\:true\:true\:true\:true
NVIC.USART1_IRQn=true\:12\:0\:true\:false\:true\:true\:true\:true
NVIC.USART2_IRQn=true\:14\:0\:true\:false\:true\:true\:true\:true
NVIC.UsageFault_IRQn=true\:0\:0\:false\:false\:true\:false\:false\:false
OCTOSPI1.ChipSelectHighTime=8
OCTOSPI1.ClockPrescaler=26
OCTOSPI1.DeviceSize=24
OCTOSPI1.IPParameters=ClockPrescaler,DeviceSize,ChipSelectHighTime,MemoryType
OCTOSPI1.MemoryType=HAL_OSPI_MEMTYPE_APMEMORY
PA0.Locked=true
PA0.Signal=S_TIM2_CH1_ETR
PA1.Locked=true
PA1.Signal=S_TIM2_CH2
PA10.GPIOParameters=GPIO_PuPd,GPIO_Label
PA10.GPIO_Label=AMP_CLIP_OTW_N
PA10.GPIO_PuPd=GPIO_PULLUP
PA10.Locked=true
PA10.Signal=GPIO_Input
PA11.GPIOParameters=GPIO_PuPd,GPIO_Label
PA11.GPIO_Label=AMP_FAULT_N
PA11.GPIO_PuPd=GPIO_PULLUP
PA11.Locked=true
PA11.Signal=GPIO_Input
PA12.GPIOParameters=GPIO_PuPd,GPIO_Label
PA12.GPIO_Label=AMP_RESET_N
PA12.GPIO_PuPd=GPIO_PULLUP
PA12.Locked=true
PA12.Signal=GPIO_Input
PA13(JTMS/SWDIO).Locked=true
PA13(JTMS/SWDIO).Mode=Serial_Wire
PA13(JTMS/SWDIO).Signal=DEBUG_JTMS-SWDIO
PA14(JTCK/SWCLK).Locked=true
PA14(JTCK/SWCLK).Mode=Serial_Wire
PA14(JTCK/SWCLK).Signal=DEBUG_JTCK-SWCLK
PA15(JTDI).Locked=true
PA15(JTDI).Mode=Half_Duplex_Slave_Rx
PA15(JTDI).Signal=I2S6_WS
PA2.Locked=true
PA2.Mode=Asynchronous
PA2.Signal=USART2_TX
PA3.Locked=true
PA3.Mode=Asynchronous
PA3.Signal=USART2_RX
PA4.GPIOParameters=GPIO_PuPd,GPIO_Label
PA4.GPIO_Label=LCD_GPIO3
PA4.GPIO_PuPd=GPIO_PULLDOWN
PA4.Locked=true
PA4.Signal=GPIO_Input
PA5.GPIOParameters=GPIO_PuPd,GPIO_Label
PA5.GPIO_Label=LCD_GPIO2
PA5.GPIO_PuPd=GPIO_PULLDOWN
PA5.Locked=true
PA5.Signal=GPIO_Input
PA6.GPIOParameters=GPIO_PuPd
PA6.GPIO_PuPd=GPIO_PULLUP
PA6.Locked=true
PA6.Mode=OCTOSPI1_IOL_Port1L
PA6.Signal=OCTOSPIM_P1_IO3
PA7.GPIOParameters=GPIO_PuPd
PA7.GPIO_PuPd=GPIO_PULLUP
PA7.Locked=true
PA7.Mode=OCTOSPI1_IOL_Port1L
PA7.Signal=OCTOSPIM_P1_IO2
PA8.Locked=true
PA8.Mode=I2C
PA8.Signal=I2C3_SCL
PB0.GPIOParameters=GPIO_PuPd
PB0.GPIO_PuPd=GPIO_PULLUP
PB0.Locked=true
PB0.Mode=OCTOSPI1_IOL_Port1L
PB0.Signal=OCTOSPIM_P1_IO1
PB1.GPIOParameters=GPIO_PuPd
PB1.GPIO_PuPd=GPIO_PULLUP
PB1.Locked=true
PB1.Mode=OCTOSPI1_IOL_Port1L
PB1.Signal=OCTOSPIM_P1_IO0
PB10.Locked=true
PB10.Mode=OCTOSPI1_Port1_NCS
PB10.Signal=OCTOSPIM_P1_NCS
PB12.GPIOParameters=GPIO_Speed
PB12.GPIO_Speed=GPIO_SPEED_FREQ_HIGH
PB12.Locked=true
PB12.Mode=NSS_Signal_Hard_Output
PB12.Signal=SPI2_NSS
PB13.GPIOParameters=GPIO_Speed
PB13.GPIO_Speed=GPIO_SPEED_FREQ_HIGH
PB13.Locked=true
PB13.Mode=Full_Duplex_Master
PB13.Signal=SPI2_SCK
PB14.GPIOParameters=GPIO_Speed
PB14.GPIO_Speed=GPIO_SPEED_FREQ_HIGH
PB14.Locked=true
PB14.Mode=Full_Duplex_Master
PB14.Signal=SPI2_MISO
PB15.GPIOParameters=GPIO_Speed
PB15.GPIO_Speed=GPIO_SPEED_FREQ_HIGH
PB15.Locked=true
PB15.Mode=Full_Duplex_Master
PB15.Signal=SPI2_MOSI
PB2.Locked=true
PB2.Mode=O1_P1_CLK
PB2.Signal=OCTOSPIM_P1_CLK
PB3(JTDO/TRACESWO).Locked=true
PB3(JTDO/TRACESWO).Mode=Half_Duplex_Slave_Rx
PB3(JTDO/TRACESWO).Signal=I2S6_CK
PB4(NJTRST).Locked=true
PB4(NJTRST).Mode=Half_Duplex_Slave_Rx
PB4(NJTRST).Signal=I2S6_SDI
PB5.GPIOParameters=GPIO_PuPd,GPIO_Label,GPIO_ModeDefaultEXTI
PB5.GPIO_Label=I2C1_INT0_N
PB5.GPIO_ModeDefaultEXTI=GPIO_MODE_IT_FALLING
PB5.GPIO_PuPd=GPIO_PULLUP
PB5.Locked=true
PB5.Signal=GPXTI5
PB6.Locked=true
PB6.Mode=Asynchronous
PB6.Signal=USART1_TX
PB7.Locked=true
PB7.Mode=Asynchronous
PB7.Signal=USART1_RX
PB8.Locked=true
PB8.Mode=Asynchronous
PB8.Signal=UART4_RX
PB9.Locked=true
PB9.Mode=Asynchronous
PB9.Signal=UART4_TX
PC0.Locked=true
PC0.Signal=ADCx_INP10
PC1.Locked=true
PC1.Signal=ADCx_INP11
PC10.Locked=true
PC10.Mode=I2C
PC10.Signal=I2C5_SDA
PC11.Locked=true
PC11.Mode=I2C
PC11.Signal=I2C5_SCL
PC12.GPIOParameters=GPIO_PuPd,GPIO_Label,GPIO_ModeDefaultEXTI
PC12.GPIO_Label=I2C5_INT0_N
PC12.GPIO_ModeDefaultEXTI=GPIO_MODE_IT_FALLING
PC12.GPIO_PuPd=GPIO_PULLUP
PC12.Locked=true
PC12.Signal=GPXTI12
PC13.GPIOParameters=GPIO_PuPd,GPIO_Label
PC13.GPIO_Label=B1_PLAY
PC13.GPIO_PuPd=GPIO_PULLUP
PC13.Locked=true
PC13.Signal=GPIO_Input
PC14-OSC32_IN.GPIOParameters=GPIO_PuPd,GPIO_Label
PC14-OSC32_IN.GPIO_Label=B1_MFB
PC14-OSC32_IN.GPIO_PuPd=GPIO_PULLUP
PC14-OSC32_IN.Locked=true
PC14-OSC32_IN.Signal=GPIO_Input
PC15-OSC32_OUT.GPIOParameters=GPIO_PuPd,GPIO_Label
PC15-OSC32_OUT.GPIO_Label=B1_FWD
PC15-OSC32_OUT.GPIO_PuPd=GPIO_PULLUP
PC15-OSC32_OUT.Locked=true
PC15-OSC32_OUT.Signal=GPIO_Input
PC4.GPIOParameters=GPIO_PuPd,GPIO_Label,GPIO_ModeDefaultEXTI
PC4.GPIO_Label=LCD_INT_N
PC4.GPIO_ModeDefaultEXTI=GPIO_MODE_IT_FALLING
PC4.GPIO_PuPd=GPIO_PULLUP
PC4.Locked=true
PC4.Signal=GPXTI4
PC5.GPIOParameters=GPIO_Label
PC5.GPIO_Label=LCD_PD_N
PC5.Locked=true
PC5.Signal=GPIO_Output
PC8.GPIOParameters=GPIO_PuPd,GPIO_Label,GPIO_ModeDefaultEXTI
PC8.GPIO_Label=CHG_ACOK
PC8.GPIO_ModeDefaultEXTI=GPIO_MODE_IT_RISING_FALLING
PC8.GPIO_PuPd=GPIO_PULLDOWN
PC8.Locked=true
PC8.Signal=GPXTI8
PC9.Locked=true
PC9.Mode=I2C
PC9.Signal=I2C3_SDA
PD0.GPIOParameters=GPIO_PuPd,GPIO_Label,GPIO_ModeDefaultEXTI
PD0.GPIO_Label=I2C5_INT1_N
PD0.GPIO_ModeDefaultEXTI=GPIO_MODE_IT_FALLING
PD0.GPIO_PuPd=GPIO_PULLUP
PD0.Locked=true
PD0.Signal=GPXTI0
PD1.GPIOParameters=GPIO_PuPd,GPIO_Label,GPIO_ModeDefaultEXTI
PD1.GPIO_Label=I2C5_INT2_N
PD1.GPIO_ModeDefaultEXTI=GPIO_MODE_IT_FALLING
PD1.GPIO_PuPd=GPIO_PULLUP
PD1.Locked=true
PD1.Signal=GPXTI1
PD10.GPIOParameters=GPIO_PuPd,GPIO_Label
PD10.GPIO_Label=B1_LEDMODE_1
PD10.GPIO_PuPd=GPIO_PULLUP
PD10.Locked=true
PD10.Signal=GPIO_Input
PD11.GPIOParameters=GPIO_PuPd,GPIO_Label
PD11.GPIO_Label=B1_LEDMODE_2
PD11.GPIO_PuPd=GPIO_PULLUP
PD11.Locked=true
PD11.Signal=GPIO_Input
PD12.Locked=true
PD12.Signal=S_TIM4_CH1
PD13.Locked=true
PD13.Signal=S_TIM4_CH2
PD14.Locked=true
PD14.Signal=S_TIM4_CH3
PD2.GPIOParameters=GPIO_PuPd,GPIO_Label,GPIO_ModeDefaultEXTI
PD2.GPIO_Label=I2C5_INT3_N
PD2.GPIO_ModeDefaultEXTI=GPIO_MODE_IT_FALLING
PD2.GPIO_PuPd=GPIO_PULLUP
PD2.Locked=true
PD2.Signal=GPXTI2
PD3.GPIOParameters=GPIO_PuPd,GPIO_Label,GPIO_ModeDefaultEXTI
PD3.GPIO_Label=I2C5_INT4_N
PD3.GPIO_ModeDefaultEXTI=GPIO_MODE_IT_FALLING
PD3.GPIO_PuPd=GPIO_PULLUP
PD3.Locked=true
PD3.Signal=GPXTI3
PD9.GPIOParameters=GPIO_PuPd,GPIO_Label
PD9.GPIO_Label=B1_LCD_SWITCH
PD9.GPIO_PuPd=GPIO_PULLUP
PD9.Locked=true
PD9.Signal=GPIO_Input
PE2.GPIOParameters=GPIO_PuPd,GPIO_Label
PE2.GPIO_Label=B1_VOL_UP
PE2.GPIO_PuPd=GPIO_PULLUP
PE2.Locked=true
PE2.Signal=GPIO_Input
PE4.GPIOParameters=GPIO_PuPd,GPIO_Label
PE4.GPIO_Label=B1_VOL_DOWN
PE4.GPIO_PuPd=GPIO_PULLUP
PE4.Locked=true
PE4.Signal=GPIO_Input
PE5.GPIOParameters=GPIO_PuPd,GPIO_Label
PE5.GPIO_Label=B1_BACK
PE5.GPIO_PuPd=GPIO_PULLUP
PE5.Locked=true
PE5.Signal=GPIO_Input
PE7.GPIOParameters=GPIO_PuPd,GPIO_Label
PE7.GPIO_Label=LCD_B1_D3
PE7.GPIO_PuPd=GPIO_PULLDOWN
PE7.Locked=true
PE7.Signal=GPIO_Input
PE8.GPIOParameters=PinState,GPIO_Label
PE8.GPIO_Label=LCD_BL_DRIVE
PE8.Locked=true
PE8.PinState=GPIO_PIN_SET
PE8.Signal=GPIO_Output
PinOutPanel.RotationAngle=0
ProjectManager.AskForMigrate=true
ProjectManager.BackupPrevious=false
ProjectManager.CompilerLinker=GCC
ProjectManager.CompilerOptimize=6
ProjectManager.ComputerToolchain=false
ProjectManager.CoupleFile=false
ProjectManager.CustomerFirmwarePackage=
ProjectManager.DefaultFWLocation=true
ProjectManager.DeletePrevious=true
ProjectManager.DeviceId=STM32H725VGTx
ProjectManager.FirmwarePackage=STM32Cube FW_H7 V1.11.2
ProjectManager.FreePins=false
ProjectManager.HalAssertFull=false
ProjectManager.HeapSize=0x10000
ProjectManager.KeepUserCode=true
ProjectManager.LastFirmware=true
ProjectManager.LibraryCopy=1
ProjectManager.MainLocation=Core/Src
ProjectManager.NoMain=false
ProjectManager.PreviousToolchain=
ProjectManager.ProjectBuild=false
ProjectManager.ProjectFileName=BlockBoxController.ioc
ProjectManager.ProjectName=BlockBoxController
ProjectManager.ProjectStructure=
ProjectManager.RegisterCallBack=
ProjectManager.StackSize=0x1000
ProjectManager.TargetToolchain=STM32CubeIDE
ProjectManager.ToolChainLocation=
ProjectManager.UAScriptAfterPath=
ProjectManager.UAScriptBeforePath=
ProjectManager.UnderRoot=true
ProjectManager.functionlistsort=1-SystemClock_Config-RCC-false-HAL-false,2-MX_GPIO_Init-GPIO-false-HAL-true,3-MX_I2C3_Init-I2C3-false-HAL-true,4-MX_I2C5_Init-I2C5-false-HAL-true,5-MX_OCTOSPI1_Init-OCTOSPI1-false-HAL-true,6-MX_SPI2_Init-SPI2-false-HAL-true,7-MX_TIM4_Init-TIM4-false-HAL-true,8-MX_I2S6_Init-I2S6-false-HAL-true,9-MX_TIM2_Init-TIM2-false-HAL-true,10-MX_USART2_UART_Init-USART2-false-HAL-true,11-MX_ADC1_Init-ADC1-false-HAL-true,12-MX_UART4_Init-UART4-false-HAL-true,13-MX_USART1_UART_Init-USART1-false-HAL-true,14-MX_RAMECC_Init-RAMECC-false-HAL-true,0-MX_CORTEX_M7_Init-CORTEX_M7-false-HAL-true
RAMECC.IPParameters=Instance-RAMECC1_Monitor1,Instance-RAMECC1_Monitor2,Instance-RAMECC1_Monitor3,Instance-RAMECC1_Monitor4,Instance-RAMECC1_Monitor6,Instance-RAMECC2_Monitor1,Instance-RAMECC2_Monitor2_1,Instance-RAMECC3_Monitor1
RAMECC.Instance-RAMECC1_Monitor1=RAMECC1_Monitor1
RAMECC.Instance-RAMECC1_Monitor2=RAMECC1_Monitor2
RAMECC.Instance-RAMECC1_Monitor3=RAMECC1_Monitor3
RAMECC.Instance-RAMECC1_Monitor4=RAMECC1_Monitor4
RAMECC.Instance-RAMECC1_Monitor6=RAMECC1_Monitor6
RAMECC.Instance-RAMECC2_Monitor1=RAMECC2_Monitor1
RAMECC.Instance-RAMECC2_Monitor2_1=RAMECC2_Monitor2
RAMECC.Instance-RAMECC3_Monitor1=RAMECC3_Monitor1
RCC.ADCCLockSelection=RCC_ADCCLKSOURCE_PLL3
RCC.ADCFreq_Value=8000000
RCC.AHB12Freq_Value=260000000
RCC.AHB4Freq_Value=260000000
RCC.APB1Freq_Value=130000000
RCC.APB2Freq_Value=130000000
RCC.APB3Freq_Value=130000000
RCC.APB4Freq_Value=130000000
RCC.AXIClockFreq_Value=260000000
RCC.CECFreq_Value=32000
RCC.CKPERFreq_Value=64000000
RCC.CortexFreq_Value=520000000
RCC.CpuClockFreq_Value=520000000
RCC.D1CPREFreq_Value=520000000
RCC.D1PPRE=RCC_APB3_DIV2
RCC.D2PPRE1=RCC_APB1_DIV2
RCC.D2PPRE2=RCC_APB2_DIV2
RCC.D3PPRE=RCC_APB4_DIV2
RCC.DFSDMACLkFreq_Value=130000000
RCC.DFSDMFreq_Value=130000000
RCC.DIVM1=4
RCC.DIVM2=25
RCC.DIVN1=32
RCC.DIVN2=96
RCC.DIVN3=128
RCC.DIVP1=1
RCC.DIVP1Freq_Value=520000000
RCC.DIVP2Freq_Value=122880000
RCC.DIVP3Freq_Value=128000000
RCC.DIVQ1=4
RCC.DIVQ1Freq_Value=130000000
RCC.DIVQ2=10
RCC.DIVQ2Freq_Value=24576000
RCC.DIVQ3Freq_Value=128000000
RCC.DIVR1Freq_Value=260000000
RCC.DIVR2Freq_Value=122880000
RCC.DIVR3=32
RCC.DIVR3Freq_Value=8000000
RCC.FDCANFreq_Value=130000000
RCC.FMCFreq_Value=260000000
RCC.FamilyName=M
RCC.HCLK3ClockFreq_Value=260000000
RCC.HCLKFreq_Value=260000000
RCC.HPRE=RCC_HCLK_DIV2
RCC.I2C123CLockSelection=RCC_I2C1235CLKSOURCE_PLL3
RCC.I2C123Freq_Value=8000000
RCC.I2C4Freq_Value=130000000
RCC.IPParameters=ADCCLockSelection,ADCFreq_Value,AHB12Freq_Value,AHB4Freq_Value,APB1Freq_Value,APB2Freq_Value,APB3Freq_Value,APB4Freq_Value,AXIClockFreq_Value,CECFreq_Value,CKPERFreq_Value,CortexFreq_Value,CpuClockFreq_Value,D1CPREFreq_Value,D1PPRE,D2PPRE1,D2PPRE2,D3PPRE,DFSDMACLkFreq_Value,DFSDMFreq_Value,DIVM1,DIVM2,DIVN1,DIVN2,DIVN3,DIVP1,DIVP1Freq_Value,DIVP2Freq_Value,DIVP3Freq_Value,DIVQ1,DIVQ1Freq_Value,DIVQ2,DIVQ2Freq_Value,DIVQ3Freq_Value,DIVR1Freq_Value,DIVR2Freq_Value,DIVR3,DIVR3Freq_Value,FDCANFreq_Value,FMCFreq_Value,FamilyName,HCLK3ClockFreq_Value,HCLKFreq_Value,HPRE,I2C123CLockSelection,I2C123Freq_Value,I2C4Freq_Value,LPTIM1Freq_Value,LPTIM2Freq_Value,LPTIM345Freq_Value,LPUART1Freq_Value,LTDCFreq_Value,MCO1PinFreq_Value,MCO2PinFreq_Value,PLL2FRACN,PLL3FRACN,PLLFRACN,PWR_Regulator_Voltage_Scale,QSPIFreq_Value,RNGFreq_Value,RTCFreq_Value,SAI1Freq_Value,SAI4AFreq_Value,SAI4BFreq_Value,SDMMCFreq_Value,SPDIFRXFreq_Value,SPI123Freq_Value,SPI45Freq_Value,SPI6CLockSelection,SPI6Freq_Value,SWPMI1Freq_Value,SYSCLKFreq_VALUE,SYSCLKSource,Tim1OutputFreq_Value,Tim2OutputFreq_Value,TraceFreq_Value,USART16Freq_Value,USART234578Freq_Value,USBFreq_Value,VCO1OutputFreq_Value,VCO2OutputFreq_Value,VCO3OutputFreq_Value,VCOInput1Freq_Value,VCOInput2Freq_Value,VCOInput3Freq_Value
RCC.LPTIM1Freq_Value=130000000
RCC.LPTIM2Freq_Value=130000000
RCC.LPTIM345Freq_Value=130000000
RCC.LPUART1Freq_Value=130000000
RCC.LTDCFreq_Value=8000000
RCC.MCO1PinFreq_Value=64000000
RCC.MCO2PinFreq_Value=520000000
RCC.PLL2FRACN=0
RCC.PLL3FRACN=0
RCC.PLLFRACN=4096
RCC.PWR_Regulator_Voltage_Scale=PWR_REGULATOR_VOLTAGE_SCALE0
RCC.QSPIFreq_Value=260000000
RCC.RNGFreq_Value=48000000
RCC.RTCFreq_Value=32000
RCC.SAI1Freq_Value=130000000
RCC.SAI4AFreq_Value=130000000
RCC.SAI4BFreq_Value=130000000
RCC.SDMMCFreq_Value=130000000
RCC.SPDIFRXFreq_Value=130000000
RCC.SPI123Freq_Value=130000000
RCC.SPI45Freq_Value=130000000
RCC.SPI6CLockSelection=RCC_SPI6CLKSOURCE_PLL2
RCC.SPI6Freq_Value=24576000
RCC.SWPMI1Freq_Value=130000000
RCC.SYSCLKFreq_VALUE=520000000
RCC.SYSCLKSource=RCC_SYSCLKSOURCE_PLLCLK
RCC.Tim1OutputFreq_Value=260000000
RCC.Tim2OutputFreq_Value=260000000
RCC.TraceFreq_Value=260000000
RCC.USART16Freq_Value=130000000
RCC.USART234578Freq_Value=130000000
RCC.USBFreq_Value=130000000
RCC.VCO1OutputFreq_Value=520000000
RCC.VCO2OutputFreq_Value=245760000
RCC.VCO3OutputFreq_Value=256000000
RCC.VCOInput1Freq_Value=16000000
RCC.VCOInput2Freq_Value=2560000
RCC.VCOInput3Freq_Value=2000000
SH.ADCx_INP10.0=ADC1_INP10,IN10-Single-Ended
SH.ADCx_INP10.ConfNb=1
SH.ADCx_INP11.0=ADC1_INP11,IN11-Single-Ended
SH.ADCx_INP11.ConfNb=1
SH.GPXTI0.0=GPIO_EXTI0
SH.GPXTI0.ConfNb=1
SH.GPXTI1.0=GPIO_EXTI1
SH.GPXTI1.ConfNb=1
SH.GPXTI12.0=GPIO_EXTI12
SH.GPXTI12.ConfNb=1
SH.GPXTI2.0=GPIO_EXTI2
SH.GPXTI2.ConfNb=1
SH.GPXTI3.0=GPIO_EXTI3
SH.GPXTI3.ConfNb=1
SH.GPXTI4.0=GPIO_EXTI4
SH.GPXTI4.ConfNb=1
SH.GPXTI5.0=GPIO_EXTI5
SH.GPXTI5.ConfNb=1
SH.GPXTI8.0=GPIO_EXTI8
SH.GPXTI8.ConfNb=1
SH.S_TIM2_CH1_ETR.0=TIM2_CH1,PWM Generation1 CH1
SH.S_TIM2_CH1_ETR.ConfNb=1
SH.S_TIM2_CH2.0=TIM2_CH2,PWM Generation2 CH2
SH.S_TIM2_CH2.ConfNb=1
SH.S_TIM4_CH1.0=TIM4_CH1,PWM Generation1 CH1
SH.S_TIM4_CH1.ConfNb=1
SH.S_TIM4_CH2.0=TIM4_CH2,PWM Generation2 CH2
SH.S_TIM4_CH2.ConfNb=1
SH.S_TIM4_CH3.0=TIM4_CH3,PWM Generation3 CH3
SH.S_TIM4_CH3.ConfNb=1
SPI2.CalculateBaudRate=65.0 MBits/s
SPI2.DataSize=SPI_DATASIZE_8BIT
SPI2.Direction=SPI_DIRECTION_2LINES
SPI2.IPParameters=VirtualType,Mode,Direction,CalculateBaudRate,VirtualNSS,DataSize
SPI2.Mode=SPI_MODE_MASTER
SPI2.VirtualNSS=VM_NSSHARD
SPI2.VirtualType=VM_MASTER
TIM2.Channel-PWM\ Generation1\ CH1=TIM_CHANNEL_1
TIM2.Channel-PWM\ Generation2\ CH2=TIM_CHANNEL_2
TIM2.IPParameters=Channel-PWM Generation1 CH1,Channel-PWM Generation2 CH2
TIM4.Channel-PWM\ Generation1\ CH1=TIM_CHANNEL_1
TIM4.Channel-PWM\ Generation2\ CH2=TIM_CHANNEL_2
TIM4.Channel-PWM\ Generation3\ CH3=TIM_CHANNEL_3
TIM4.IPParameters=Channel-PWM Generation1 CH1,Channel-PWM Generation2 CH2,Channel-PWM Generation3 CH3,OCMode_PWM-PWM Generation1 CH1,OCMode_PWM-PWM Generation2 CH2
TIM4.OCMode_PWM-PWM\ Generation1\ CH1=TIM_OCMODE_PWM1
TIM4.OCMode_PWM-PWM\ Generation2\ CH2=TIM_OCMODE_PWM1
UART4.BaudRate=57600
UART4.IPParameters=BaudRate
USART1.BaudRate=115200
USART1.IPParameters=VirtualMode-Asynchronous,BaudRate
USART1.VirtualMode-Asynchronous=VM_ASYNC
USART2.IPParameters=VirtualMode-Asynchronous
USART2.VirtualMode-Asynchronous=VM_ASYNC
VP_OCTOSPI1_VS_quad.Mode=quad_mode
VP_OCTOSPI1_VS_quad.Signal=OCTOSPI1_VS_quad
VP_RAMECC_VS_D1_1.Mode=RAMECC1_Monitor1
VP_RAMECC_VS_D1_1.Signal=RAMECC_VS_D1_1
VP_RAMECC_VS_D1_2.Mode=RAMECC1_Monitor2
VP_RAMECC_VS_D1_2.Signal=RAMECC_VS_D1_2
VP_RAMECC_VS_D1_3.Mode=RAMECC1_Monitor3
VP_RAMECC_VS_D1_3.Signal=RAMECC_VS_D1_3
VP_RAMECC_VS_D1_4.Mode=RAMECC1_Monitor4
VP_RAMECC_VS_D1_4.Signal=RAMECC_VS_D1_4
VP_RAMECC_VS_D1_6.Mode=RAMECC1_Monitor6
VP_RAMECC_VS_D1_6.Signal=RAMECC_VS_D1_6
VP_RAMECC_VS_D2_1.Mode=RAMECC2_Monitor1
VP_RAMECC_VS_D2_1.Signal=RAMECC_VS_D2_1
VP_RAMECC_VS_D2_2.Mode=RAMECC2_Monitor2_1
VP_RAMECC_VS_D2_2.Signal=RAMECC_VS_D2_2
VP_RAMECC_VS_D3_1.Mode=RAMECC3_Monitor1
VP_RAMECC_VS_D3_1.Signal=RAMECC_VS_D3_1
VP_SYS_VS_Systick.Mode=SysTick
VP_SYS_VS_Systick.Signal=SYS_VS_Systick
board=custom
isbadioc=false
